
Microsoft Visual Studio Solution File, Format Version 12.00
# Visual Studio Version 17
VisualStudioVersion = 17.4.33403.182
MinimumVisualStudioVersion = 10.0.40219.1
Project("{9A19103F-16F7-4668-BE54-9A1E7A4F7556}") = "task1proje3", "task1proje3\task1proje3.csproj", "{33C2D69A-F120-4DD2-8659-49A7049513C1}"
EndProject
Project("{FAE04EC0-301F-11D3-BF4B-00C04F79EFBC}") = "task1proje3.helper", "task1proje3.helper\task1proje3.helper.csproj", "{ECA849AC-0D45-4CD5-A78E-293AA7C91D7A}"
EndProject
Global
	GlobalSection(SolutionConfigurationPlatforms) = preSolution
		Debug|Any CPU = Debug|Any CPU
		Release|Any CPU = Release|Any CPU
	EndGlobalSection
	GlobalSection(ProjectConfigurationPlatforms) = postSolution
		{33C2D69A-F120-4DD2-8659-49A7049513C1}.Debug|Any CPU.ActiveCfg = Debug|Any CPU
		{33C2D69A-F120-4DD2-8659-49A7049513C1}.Debug|Any CPU.Build.0 = Debug|Any CPU
		{33C2D69A-F120-4DD2-8659-49A7049513C1}.Release|Any CPU.ActiveCfg = Release|Any CPU
		{33C2D69A-F120-4DD2-8659-49A7049513C1}.Release|Any CPU.Build.0 = Release|Any CPU
		{ECA849AC-0D45-4CD5-A78E-293AA7C91D7A}.Debug|Any CPU.ActiveCfg = Debug|Any CPU
		{ECA849AC-0D45-4CD5-A78E-293AA7C91D7A}.Debug|Any CPU.Build.0 = Debug|Any CPU
		{ECA849AC-0D45-4CD5-A78E-293AA7C91D7A}.Release|Any CPU.ActiveCfg = Release|Any CPU
		{ECA849AC-0D45-4CD5-A78E-293AA7C91D7A}.Release|Any CPU.Build.0 = Release|Any CPU
	EndGlobalSection
	GlobalSection(SolutionProperties) = preSolution
		HideSolutionNode = FALSE
	EndGlobalSection
	GlobalSection(ExtensibilityGlobals) = postSolution
		SolutionGuid = {8A78D2ED-C7DE-41AA-8868-0130B743544A}
	EndGlobalSection
EndGlobal
